
Microsoft Visual Studio Solution File, Format Version 12.00
# Visual Studio Version 17
VisualStudioVersion = 17.0.31903.59
MinimumVisualStudioVersion = 10.0.40219.1
Project("{2150E333-8FDC-42A3-9474-1A3956D46DE8}") = "src", "src", "{AB043F76-561E-409C-979F-10179B3DA570}"
EndProject
Project("{FAE04EC0-301F-11D3-BF4B-00C04F79EFBC}") = "FolderManage", "src\FolderManage\FolderManage.csproj", "{FE45D98A-DF40-4242-A704-3E754B760A1B}"
EndProject
Project("{2150E333-8FDC-42A3-9474-1A3956D46DE8}") = "tests", "tests", "{530FF92D-36D3-49FC-A009-BF56A221A446}"
EndProject
Project("{FAE04EC0-301F-11D3-BF4B-00C04F79EFBC}") = "FolderManage.Tests", "tests\FolderManage.Tests\FolderManage.Tests.csproj", "{1188B6E8-3B1F-49D3-8C9B-9A2E7549D683}"
EndProject
Global
	GlobalSection(SolutionConfigurationPlatforms) = preSolution
		Debug|Any CPU = Debug|Any CPU
		Release|Any CPU = Release|Any CPU
	EndGlobalSection
	GlobalSection(SolutionProperties) = preSolution
		HideSolutionNode = FALSE
	EndGlobalSection
	GlobalSection(ProjectConfigurationPlatforms) = postSolution
		{FE45D98A-DF40-4242-A704-3E754B760A1B}.Debug|Any CPU.ActiveCfg = Debug|Any CPU
		{FE45D98A-DF40-4242-A704-3E754B760A1B}.Debug|Any CPU.Build.0 = Debug|Any CPU
		{FE45D98A-DF40-4242-A704-3E754B760A1B}.Release|Any CPU.ActiveCfg = Release|Any CPU
		{FE45D98A-DF40-4242-A704-3E754B760A1B}.Release|Any CPU.Build.0 = Release|Any CPU
		{1188B6E8-3B1F-49D3-8C9B-9A2E7549D683}.Debug|Any CPU.ActiveCfg = Debug|Any CPU
		{1188B6E8-3B1F-49D3-8C9B-9A2E7549D683}.Debug|Any CPU.Build.0 = Debug|Any CPU
		{1188B6E8-3B1F-49D3-8C9B-9A2E7549D683}.Release|Any CPU.ActiveCfg = Release|Any CPU
		{1188B6E8-3B1F-49D3-8C9B-9A2E7549D683}.Release|Any CPU.Build.0 = Release|Any CPU
	EndGlobalSection
	GlobalSection(NestedProjects) = preSolution
		{FE45D98A-DF40-4242-A704-3E754B760A1B} = {AB043F76-561E-409C-979F-10179B3DA570}
		{1188B6E8-3B1F-49D3-8C9B-9A2E7549D683} = {530FF92D-36D3-49FC-A009-BF56A221A446}
	EndGlobalSection
EndGlobal
